// !$*UTF8*$!
{
	archiveVersion = 1;
	classes = {
	};
	objectVersion = 46;
	objects = {

/* Begin PBXBuildFile section */
		840775501AA27A0100B82874 /* CategorizedSchedulesTableViewController.m in Sources */ = {isa = PBXBuildFile; fileRef = 8407754F1AA27A0100B82874 /* CategorizedSchedulesTableViewController.m */; };
		841784D11AAC8CF000B0A56C /* circle.png in Resources */ = {isa = PBXBuildFile; fileRef = 841784D01AAC8CF000B0A56C /* circle.png */; };
		846EB0B21AAC803900C8FC5B /* checkmark-small.png in Resources */ = {isa = PBXBuildFile; fileRef = 846EB0B11AAC803900C8FC5B /* checkmark-small.png */; };
		8477CA4E1AA4F61E00BB93D2 /* Utility.m in Sources */ = {isa = PBXBuildFile; fileRef = 8477CA4D1AA4F61E00BB93D2 /* Utility.m */; };
		84A3B0761A9486DD00203D96 /* UIColor+VeplayCommon.m in Sources */ = {isa = PBXBuildFile; fileRef = 84A3B0751A9486DD00203D96 /* UIColor+VeplayCommon.m */; };
		84A3B0791A9494B800203D96 /* MenuViewController.m in Sources */ = {isa = PBXBuildFile; fileRef = 84A3B0781A9494B800203D96 /* MenuViewController.m */; };
		84A3B07F1A94992D00203D96 /* series.png in Resources */ = {isa = PBXBuildFile; fileRef = 84A3B07B1A94992D00203D96 /* series.png */; };
		84A3B0801A94992D00203D96 /* tv.png in Resources */ = {isa = PBXBuildFile; fileRef = 84A3B07C1A94992D00203D96 /* tv.png */; };
		84A3B0811A94992D00203D96 /* movies.png in Resources */ = {isa = PBXBuildFile; fileRef = 84A3B07D1A94992D00203D96 /* movies.png */; };
		84A3B0821A94992D00203D96 /* sports.png in Resources */ = {isa = PBXBuildFile; fileRef = 84A3B07E1A94992D00203D96 /* sports.png */; };
		84A3B0881A97300600203D96 /* MenuView.m in Sources */ = {isa = PBXBuildFile; fileRef = 84A3B0871A97300600203D96 /* MenuView.m */; };
		84A3B08B1A97301600203D96 /* IconView.m in Sources */ = {isa = PBXBuildFile; fileRef = 84A3B08A1A97301600203D96 /* IconView.m */; };
		84A3E5091AA472B800BC202F /* MPGTextField.m in Sources */ = {isa = PBXBuildFile; fileRef = 84A3E5081AA472B800BC202F /* MPGTextField.m */; };
		84A993281A98F6F000E6690B /* TVScheduleView.m in Sources */ = {isa = PBXBuildFile; fileRef = 84A993271A98F6EF00E6690B /* TVScheduleView.m */; };
		84A9932B1AA0DCAA00E6690B /* TvShowEntryModel.m in Sources */ = {isa = PBXBuildFile; fileRef = 84A9932A1AA0DCAA00E6690B /* TvShowEntryModel.m */; };
		84A9932E1AA0DF3500E6690B /* ChannelSpecializedEntryModel.m in Sources */ = {isa = PBXBuildFile; fileRef = 84A9932D1AA0DF3500E6690B /* ChannelSpecializedEntryModel.m */; };
		84A9C8DF1A65B34C005DBB16 /* CoreData.framework in Frameworks */ = {isa = PBXBuildFile; fileRef = 84A9C8DE1A65B34C005DBB16 /* CoreData.framework */; };
		84A9C8E21A65B398005DBB16 /* CoreDataManager.m in Sources */ = {isa = PBXBuildFile; fileRef = 84A9C8E11A65B398005DBB16 /* CoreDataManager.m */; };
		84A9C8E51A65C1D9005DBB16 /* Channels.xcdatamodeld in Sources */ = {isa = PBXBuildFile; fileRef = 84A9C8E31A65C1D9005DBB16 /* Channels.xcdatamodeld */; };
		84A9C8EE1A65C579005DBB16 /* ListOfChannels.plist in Resources */ = {isa = PBXBuildFile; fileRef = 84A9C8ED1A65C578005DBB16 /* ListOfChannels.plist */; };
		84A9C8F11A65C757005DBB16 /* Channel.m in Sources */ = {isa = PBXBuildFile; fileRef = 84A9C8F01A65C757005DBB16 /* Channel.m */; };
		84A9C8F41A65DD19005DBB16 /* LoadingChannelHelper.m in Sources */ = {isa = PBXBuildFile; fileRef = 84A9C8F31A65DD19005DBB16 /* LoadingChannelHelper.m */; };
		84CC94DB1A58258200296CFE /* main.m in Sources */ = {isa = PBXBuildFile; fileRef = 84CC94DA1A58258200296CFE /* main.m */; };
		84CC94DE1A58258200296CFE /* AppDelegate.m in Sources */ = {isa = PBXBuildFile; fileRef = 84CC94DD1A58258200296CFE /* AppDelegate.m */; };
		84CC94E11A58258200296CFE /* TVScheduleController.m in Sources */ = {isa = PBXBuildFile; fileRef = 84CC94E01A58258200296CFE /* TVScheduleController.m */; };
		84CC94E61A58258200296CFE /* Images.xcassets in Resources */ = {isa = PBXBuildFile; fileRef = 84CC94E51A58258200296CFE /* Images.xcassets */; };
		84CC94E91A58258200296CFE /* LaunchScreen.xib in Resources */ = {isa = PBXBuildFile; fileRef = 84CC94E71A58258200296CFE /* LaunchScreen.xib */; };
		84CC94F51A58258300296CFE /* TvGuideTests.m in Sources */ = {isa = PBXBuildFile; fileRef = 84CC94F41A58258300296CFE /* TvGuideTests.m */; };
		84CC95001A582C3900296CFE /* RemoteDataManager.m in Sources */ = {isa = PBXBuildFile; fileRef = 84CC94FF1A582C3900296CFE /* RemoteDataManager.m */; };
		84CC95031A58AA7000296CFE /* ChannelScheduleEntryModel.m in Sources */ = {isa = PBXBuildFile; fileRef = 84CC95021A58AA7000296CFE /* ChannelScheduleEntryModel.m */; };
		84CC95071A58DE7400296CFE /* ChannelScheduleTableViewController.m in Sources */ = {isa = PBXBuildFile; fileRef = 84CC95061A58DE7400296CFE /* ChannelScheduleTableViewController.m */; };
		84CC95101A59455700296CFE /* ChannelScheduleItemTableViewCell.m in Sources */ = {isa = PBXBuildFile; fileRef = 84CC950F1A59455700296CFE /* ChannelScheduleItemTableViewCell.m */; };
		BD89821EC8315F057F68C707 /* libPods-TvGuide.a in Frameworks */ = {isa = PBXBuildFile; fileRef = 53985E6AC805333657E6CCD0 /* libPods-TvGuide.a */; };
/* End PBXBuildFile section */

/* Begin PBXContainerItemProxy section */
		84CC94EF1A58258300296CFE /* PBXContainerItemProxy */ = {
			isa = PBXContainerItemProxy;
			containerPortal = 84CC94CD1A58258100296CFE /* Project object */;
			proxyType = 1;
			remoteGlobalIDString = 84CC94D41A58258200296CFE;
			remoteInfo = TvGuide;
		};
/* End PBXContainerItemProxy section */

/* Begin PBXFileReference section */
		1A9AB4D253EF1A1EC4D7E7F7 /* Pods-TvGuide.release.xcconfig */ = {isa = PBXFileReference; includeInIndex = 1; lastKnownFileType = text.xcconfig; name = "Pods-TvGuide.release.xcconfig"; path = "Pods/Target Support Files/Pods-TvGuide/Pods-TvGuide.release.xcconfig"; sourceTree = "<group>"; };
		53985E6AC805333657E6CCD0 /* libPods-TvGuide.a */ = {isa = PBXFileReference; explicitFileType = archive.ar; includeInIndex = 0; path = "libPods-TvGuide.a"; sourceTree = BUILT_PRODUCTS_DIR; };
		8407754E1AA27A0100B82874 /* CategorizedSchedulesTableViewController.h */ = {isa = PBXFileReference; fileEncoding = 4; lastKnownFileType = sourcecode.c.h; path = CategorizedSchedulesTableViewController.h; sourceTree = "<group>"; };
		8407754F1AA27A0100B82874 /* CategorizedSchedulesTableViewController.m */ = {isa = PBXFileReference; fileEncoding = 4; lastKnownFileType = sourcecode.c.objc; path = CategorizedSchedulesTableViewController.m; sourceTree = "<group>"; };
		841784D01AAC8CF000B0A56C /* circle.png */ = {isa = PBXFileReference; lastKnownFileType = image.png; path = circle.png; sourceTree = "<group>"; };
		846EB0B11AAC803900C8FC5B /* checkmark-small.png */ = {isa = PBXFileReference; lastKnownFileType = image.png; path = "checkmark-small.png"; sourceTree = "<group>"; };
		8477CA4C1AA4F61E00BB93D2 /* Utility.h */ = {isa = PBXFileReference; fileEncoding = 4; lastKnownFileType = sourcecode.c.h; path = Utility.h; sourceTree = "<group>"; };
		8477CA4D1AA4F61E00BB93D2 /* Utility.m */ = {isa = PBXFileReference; fileEncoding = 4; lastKnownFileType = sourcecode.c.objc; path = Utility.m; sourceTree = "<group>"; };
		84A3B0741A9486DD00203D96 /* UIColor+VeplayCommon.h */ = {isa = PBXFileReference; fileEncoding = 4; lastKnownFileType = sourcecode.c.h; path = "UIColor+VeplayCommon.h"; sourceTree = "<group>"; };
		84A3B0751A9486DD00203D96 /* UIColor+VeplayCommon.m */ = {isa = PBXFileReference; fileEncoding = 4; lastKnownFileType = sourcecode.c.objc; path = "UIColor+VeplayCommon.m"; sourceTree = "<group>"; };
		84A3B0771A9494B800203D96 /* MenuViewController.h */ = {isa = PBXFileReference; fileEncoding = 4; lastKnownFileType = sourcecode.c.h; path = MenuViewController.h; sourceTree = "<group>"; };
		84A3B0781A9494B800203D96 /* MenuViewController.m */ = {isa = PBXFileReference; fileEncoding = 4; lastKnownFileType = sourcecode.c.objc; path = MenuViewController.m; sourceTree = "<group>"; };
		84A3B07B1A94992D00203D96 /* series.png */ = {isa = PBXFileReference; lastKnownFileType = image.png; path = series.png; sourceTree = "<group>"; };
		84A3B07C1A94992D00203D96 /* tv.png */ = {isa = PBXFileReference; lastKnownFileType = image.png; path = tv.png; sourceTree = "<group>"; };
		84A3B07D1A94992D00203D96 /* movies.png */ = {isa = PBXFileReference; lastKnownFileType = image.png; path = movies.png; sourceTree = "<group>"; };
		84A3B07E1A94992D00203D96 /* sports.png */ = {isa = PBXFileReference; lastKnownFileType = image.png; path = sports.png; sourceTree = "<group>"; };
		84A3B0861A97300600203D96 /* MenuView.h */ = {isa = PBXFileReference; fileEncoding = 4; lastKnownFileType = sourcecode.c.h; path = MenuView.h; sourceTree = "<group>"; };
		84A3B0871A97300600203D96 /* MenuView.m */ = {isa = PBXFileReference; fileEncoding = 4; lastKnownFileType = sourcecode.c.objc; path = MenuView.m; sourceTree = "<group>"; };
		84A3B0891A97301600203D96 /* IconView.h */ = {isa = PBXFileReference; fileEncoding = 4; lastKnownFileType = sourcecode.c.h; path = IconView.h; sourceTree = "<group>"; };
		84A3B08A1A97301600203D96 /* IconView.m */ = {isa = PBXFileReference; fileEncoding = 4; lastKnownFileType = sourcecode.c.objc; path = IconView.m; sourceTree = "<group>"; };
		84A3E5071AA472B800BC202F /* MPGTextField.h */ = {isa = PBXFileReference; fileEncoding = 4; lastKnownFileType = sourcecode.c.h; path = MPGTextField.h; sourceTree = "<group>"; };
		84A3E5081AA472B800BC202F /* MPGTextField.m */ = {isa = PBXFileReference; fileEncoding = 4; lastKnownFileType = sourcecode.c.objc; path = MPGTextField.m; sourceTree = "<group>"; };
		84A5B05A1AA393DD00BA96F8 /* CategorizedScheduleType.h */ = {isa = PBXFileReference; fileEncoding = 4; lastKnownFileType = sourcecode.c.h; path = CategorizedScheduleType.h; sourceTree = "<group>"; };
		84A993261A98F6EF00E6690B /* TVScheduleView.h */ = {isa = PBXFileReference; fileEncoding = 4; lastKnownFileType = sourcecode.c.h; path = TVScheduleView.h; sourceTree = "<group>"; };
		84A993271A98F6EF00E6690B /* TVScheduleView.m */ = {isa = PBXFileReference; fileEncoding = 4; lastKnownFileType = sourcecode.c.objc; path = TVScheduleView.m; sourceTree = "<group>"; };
		84A993291AA0DCAA00E6690B /* TvShowEntryModel.h */ = {isa = PBXFileReference; fileEncoding = 4; lastKnownFileType = sourcecode.c.h; path = TvShowEntryModel.h; sourceTree = "<group>"; };
		84A9932A1AA0DCAA00E6690B /* TvShowEntryModel.m */ = {isa = PBXFileReference; fileEncoding = 4; lastKnownFileType = sourcecode.c.objc; path = TvShowEntryModel.m; sourceTree = "<group>"; };
		84A9932C1AA0DF3500E6690B /* ChannelSpecializedEntryModel.h */ = {isa = PBXFileReference; fileEncoding = 4; lastKnownFileType = sourcecode.c.h; path = ChannelSpecializedEntryModel.h; sourceTree = "<group>"; };
		84A9932D1AA0DF3500E6690B /* ChannelSpecializedEntryModel.m */ = {isa = PBXFileReference; fileEncoding = 4; lastKnownFileType = sourcecode.c.objc; path = ChannelSpecializedEntryModel.m; sourceTree = "<group>"; };
		84A9C8DE1A65B34C005DBB16 /* CoreData.framework */ = {isa = PBXFileReference; lastKnownFileType = wrapper.framework; name = CoreData.framework; path = System/Library/Frameworks/CoreData.framework; sourceTree = SDKROOT; };
		84A9C8E01A65B398005DBB16 /* CoreDataManager.h */ = {isa = PBXFileReference; fileEncoding = 4; lastKnownFileType = sourcecode.c.h; path = CoreDataManager.h; sourceTree = "<group>"; };
		84A9C8E11A65B398005DBB16 /* CoreDataManager.m */ = {isa = PBXFileReference; fileEncoding = 4; lastKnownFileType = sourcecode.c.objc; path = CoreDataManager.m; sourceTree = "<group>"; };
		84A9C8E41A65C1D9005DBB16 /* Channels.xcdatamodel */ = {isa = PBXFileReference; lastKnownFileType = wrapper.xcdatamodel; path = Channels.xcdatamodel; sourceTree = "<group>"; };
		84A9C8ED1A65C578005DBB16 /* ListOfChannels.plist */ = {isa = PBXFileReference; fileEncoding = 4; lastKnownFileType = text.plist.xml; path = ListOfChannels.plist; sourceTree = "<group>"; };
		84A9C8EF1A65C757005DBB16 /* Channel.h */ = {isa = PBXFileReference; fileEncoding = 4; lastKnownFileType = sourcecode.c.h; path = Channel.h; sourceTree = "<group>"; };
		84A9C8F01A65C757005DBB16 /* Channel.m */ = {isa = PBXFileReference; fileEncoding = 4; lastKnownFileType = sourcecode.c.objc; path = Channel.m; sourceTree = "<group>"; };
		84A9C8F21A65DD19005DBB16 /* LoadingChannelHelper.h */ = {isa = PBXFileReference; fileEncoding = 4; lastKnownFileType = sourcecode.c.h; path = LoadingChannelHelper.h; sourceTree = "<group>"; };
		84A9C8F31A65DD19005DBB16 /* LoadingChannelHelper.m */ = {isa = PBXFileReference; fileEncoding = 4; lastKnownFileType = sourcecode.c.objc; path = LoadingChannelHelper.m; sourceTree = "<group>"; };
		84CC94D51A58258200296CFE /* TvGuide.app */ = {isa = PBXFileReference; explicitFileType = wrapper.application; includeInIndex = 0; path = TvGuide.app; sourceTree = BUILT_PRODUCTS_DIR; };
		84CC94D91A58258200296CFE /* Info.plist */ = {isa = PBXFileReference; lastKnownFileType = text.plist.xml; path = Info.plist; sourceTree = "<group>"; };
		84CC94DA1A58258200296CFE /* main.m */ = {isa = PBXFileReference; lastKnownFileType = sourcecode.c.objc; path = main.m; sourceTree = "<group>"; };
		84CC94DC1A58258200296CFE /* AppDelegate.h */ = {isa = PBXFileReference; lastKnownFileType = sourcecode.c.h; path = AppDelegate.h; sourceTree = "<group>"; };
		84CC94DD1A58258200296CFE /* AppDelegate.m */ = {isa = PBXFileReference; lastKnownFileType = sourcecode.c.objc; path = AppDelegate.m; sourceTree = "<group>"; };
		84CC94DF1A58258200296CFE /* TVScheduleController.h */ = {isa = PBXFileReference; lastKnownFileType = sourcecode.c.h; path = TVScheduleController.h; sourceTree = "<group>"; };
		84CC94E01A58258200296CFE /* TVScheduleController.m */ = {isa = PBXFileReference; lastKnownFileType = sourcecode.c.objc; path = TVScheduleController.m; sourceTree = "<group>"; };
		84CC94E51A58258200296CFE /* Images.xcassets */ = {isa = PBXFileReference; lastKnownFileType = folder.assetcatalog; path = Images.xcassets; sourceTree = "<group>"; };
		84CC94E81A58258200296CFE /* Base */ = {isa = PBXFileReference; lastKnownFileType = file.xib; name = Base; path = Base.lproj/LaunchScreen.xib; sourceTree = "<group>"; };
		84CC94EE1A58258300296CFE /* TvGuideTests.xctest */ = {isa = PBXFileReference; explicitFileType = wrapper.cfbundle; includeInIndex = 0; path = TvGuideTests.xctest; sourceTree = BUILT_PRODUCTS_DIR; };
		84CC94F31A58258300296CFE /* Info.plist */ = {isa = PBXFileReference; lastKnownFileType = text.plist.xml; path = Info.plist; sourceTree = "<group>"; };
		84CC94F41A58258300296CFE /* TvGuideTests.m */ = {isa = PBXFileReference; lastKnownFileType = sourcecode.c.objc; path = TvGuideTests.m; sourceTree = "<group>"; };
		84CC94FE1A582C3900296CFE /* RemoteDataManager.h */ = {isa = PBXFileReference; fileEncoding = 4; lastKnownFileType = sourcecode.c.h; path = RemoteDataManager.h; sourceTree = "<group>"; };
		84CC94FF1A582C3900296CFE /* RemoteDataManager.m */ = {isa = PBXFileReference; fileEncoding = 4; lastKnownFileType = sourcecode.c.objc; path = RemoteDataManager.m; sourceTree = "<group>"; };
		84CC95011A58AA7000296CFE /* ChannelScheduleEntryModel.h */ = {isa = PBXFileReference; fileEncoding = 4; lastKnownFileType = sourcecode.c.h; path = ChannelScheduleEntryModel.h; sourceTree = "<group>"; };
		84CC95021A58AA7000296CFE /* ChannelScheduleEntryModel.m */ = {isa = PBXFileReference; fileEncoding = 4; lastKnownFileType = sourcecode.c.objc; path = ChannelScheduleEntryModel.m; sourceTree = "<group>"; };
		84CC95051A58DE7400296CFE /* ChannelScheduleTableViewController.h */ = {isa = PBXFileReference; fileEncoding = 4; lastKnownFileType = sourcecode.c.h; path = ChannelScheduleTableViewController.h; sourceTree = "<group>"; };
		84CC95061A58DE7400296CFE /* ChannelScheduleTableViewController.m */ = {isa = PBXFileReference; fileEncoding = 4; lastKnownFileType = sourcecode.c.objc; path = ChannelScheduleTableViewController.m; sourceTree = "<group>"; };
		84CC950E1A59455700296CFE /* ChannelScheduleItemTableViewCell.h */ = {isa = PBXFileReference; fileEncoding = 4; lastKnownFileType = sourcecode.c.h; path = ChannelScheduleItemTableViewCell.h; sourceTree = "<group>"; };
		84CC950F1A59455700296CFE /* ChannelScheduleItemTableViewCell.m */ = {isa = PBXFileReference; fileEncoding = 4; lastKnownFileType = sourcecode.c.objc; path = ChannelScheduleItemTableViewCell.m; sourceTree = "<group>"; };
		F46494EC76683E2E2F962D94 /* Pods-TvGuide.debug.xcconfig */ = {isa = PBXFileReference; includeInIndex = 1; lastKnownFileType = text.xcconfig; name = "Pods-TvGuide.debug.xcconfig"; path = "Pods/Target Support Files/Pods-TvGuide/Pods-TvGuide.debug.xcconfig"; sourceTree = "<group>"; };
/* End PBXFileReference section */

/* Begin PBXFrameworksBuildPhase section */
		84CC94D21A58258200296CFE /* Frameworks */ = {
			isa = PBXFrameworksBuildPhase;
			buildActionMask = 2147483647;
			files = (
				84A9C8DF1A65B34C005DBB16 /* CoreData.framework in Frameworks */,
				BD89821EC8315F057F68C707 /* libPods-TvGuide.a in Frameworks */,
			);
			runOnlyForDeploymentPostprocessing = 0;
		};
		84CC94EB1A58258300296CFE /* Frameworks */ = {
			isa = PBXFrameworksBuildPhase;
			buildActionMask = 2147483647;
			files = (
			);
			runOnlyForDeploymentPostprocessing = 0;
		};
/* End PBXFrameworksBuildPhase section */

/* Begin PBXGroup section */
		84A3B07A1A9498F200203D96 /* Images */ = {
			isa = PBXGroup;
			children = (
				841784D01AAC8CF000B0A56C /* circle.png */,
				84A3B07B1A94992D00203D96 /* series.png */,
				846EB0B11AAC803900C8FC5B /* checkmark-small.png */,
				84A3B07C1A94992D00203D96 /* tv.png */,
				84A3B07D1A94992D00203D96 /* movies.png */,
				84A3B07E1A94992D00203D96 /* sports.png */,
			);
			name = Images;
			sourceTree = "<group>";
		};
		84A3B0951A98BFD000203D96 /* Views */ = {
			isa = PBXGroup;
			children = (
				84CC950E1A59455700296CFE /* ChannelScheduleItemTableViewCell.h */,
				84CC950F1A59455700296CFE /* ChannelScheduleItemTableViewCell.m */,
				84A3B0861A97300600203D96 /* MenuView.h */,
				84A3B0871A97300600203D96 /* MenuView.m */,
				84A3B0891A97301600203D96 /* IconView.h */,
				84A3B08A1A97301600203D96 /* IconView.m */,
				84A993261A98F6EF00E6690B /* TVScheduleView.h */,
				84A993271A98F6EF00E6690B /* TVScheduleView.m */,
			);
			name = Views;
			sourceTree = "<group>";
		};
		84A3E5051AA3BA2600BC202F /* Models */ = {
			isa = PBXGroup;
			children = (
				84CC95011A58AA7000296CFE /* ChannelScheduleEntryModel.h */,
				84CC95021A58AA7000296CFE /* ChannelScheduleEntryModel.m */,
				84A993291AA0DCAA00E6690B /* TvShowEntryModel.h */,
				84A9932A1AA0DCAA00E6690B /* TvShowEntryModel.m */,
				84A9932C1AA0DF3500E6690B /* ChannelSpecializedEntryModel.h */,
				84A9932D1AA0DF3500E6690B /* ChannelSpecializedEntryModel.m */,
				84A9C8EF1A65C757005DBB16 /* Channel.h */,
				84A9C8F01A65C757005DBB16 /* Channel.m */,
			);
			name = Models;
			sourceTree = "<group>";
		};
		84A3E5061AA3BB6200BC202F /* Common */ = {
			isa = PBXGroup;
			children = (
				84A3E5071AA472B800BC202F /* MPGTextField.h */,
				84A3E5081AA472B800BC202F /* MPGTextField.m */,
				84A5B05A1AA393DD00BA96F8 /* CategorizedScheduleType.h */,
				84A3B0741A9486DD00203D96 /* UIColor+VeplayCommon.h */,
				84A3B0751A9486DD00203D96 /* UIColor+VeplayCommon.m */,
				8477CA4C1AA4F61E00BB93D2 /* Utility.h */,
				8477CA4D1AA4F61E00BB93D2 /* Utility.m */,
			);
			name = Common;
			sourceTree = "<group>";
		};
		84A9C8E91A65C2A5005DBB16 /* Core Data */ = {
			isa = PBXGroup;
			children = (
				84A9C8F21A65DD19005DBB16 /* LoadingChannelHelper.h */,
				84A9C8F31A65DD19005DBB16 /* LoadingChannelHelper.m */,
				84A9C8ED1A65C578005DBB16 /* ListOfChannels.plist */,
				84A9C8E11A65B398005DBB16 /* CoreDataManager.m */,
				84A9C8E01A65B398005DBB16 /* CoreDataManager.h */,
			);
			name = "Core Data";
			sourceTree = "<group>";
		};
		84CC94CC1A58258100296CFE = {
			isa = PBXGroup;
			children = (
				84A9C8DE1A65B34C005DBB16 /* CoreData.framework */,
				84CC94D71A58258200296CFE /* TvGuide */,
				84CC94F11A58258300296CFE /* TvGuideTests */,
				84CC94D61A58258200296CFE /* Products */,
				C1F186780280ED711C36978A /* Pods */,
				BEADDBB055F921D00F13A050 /* Frameworks */,
			);
			sourceTree = "<group>";
		};
		84CC94D61A58258200296CFE /* Products */ = {
			isa = PBXGroup;
			children = (
				84CC94D51A58258200296CFE /* TvGuide.app */,
				84CC94EE1A58258300296CFE /* TvGuideTests.xctest */,
			);
			name = Products;
			sourceTree = "<group>";
		};
		84CC94D71A58258200296CFE /* TvGuide */ = {
			isa = PBXGroup;
			children = (
				84A3E5061AA3BB6200BC202F /* Common */,
				84A3E5051AA3BA2600BC202F /* Models */,
				84A3B0951A98BFD000203D96 /* Views */,
				84A3B07A1A9498F200203D96 /* Images */,
				84A9C8E91A65C2A5005DBB16 /* Core Data */,
				84CC95111A59952C00296CFE /* Controllers */,
				84CC95041A58C5AF00296CFE /* Remote Data  */,
				84CC94DC1A58258200296CFE /* AppDelegate.h */,
				84CC94DD1A58258200296CFE /* AppDelegate.m */,
				84CC94E51A58258200296CFE /* Images.xcassets */,
				84CC94E71A58258200296CFE /* LaunchScreen.xib */,
				84CC94D81A58258200296CFE /* Supporting Files */,
				84A9C8E31A65C1D9005DBB16 /* Channels.xcdatamodeld */,
			);
			path = TvGuide;
			sourceTree = "<group>";
		};
		84CC94D81A58258200296CFE /* Supporting Files */ = {
			isa = PBXGroup;
			children = (
				84CC94D91A58258200296CFE /* Info.plist */,
				84CC94DA1A58258200296CFE /* main.m */,
			);
			name = "Supporting Files";
			sourceTree = "<group>";
		};
		84CC94F11A58258300296CFE /* TvGuideTests */ = {
			isa = PBXGroup;
			children = (
				84CC94F41A58258300296CFE /* TvGuideTests.m */,
				84CC94F21A58258300296CFE /* Supporting Files */,
			);
			path = TvGuideTests;
			sourceTree = "<group>";
		};
		84CC94F21A58258300296CFE /* Supporting Files */ = {
			isa = PBXGroup;
			children = (
				84CC94F31A58258300296CFE /* Info.plist */,
			);
			name = "Supporting Files";
			sourceTree = "<group>";
		};
		84CC95041A58C5AF00296CFE /* Remote Data  */ = {
			isa = PBXGroup;
			children = (
				84CC94FE1A582C3900296CFE /* RemoteDataManager.h */,
				84CC94FF1A582C3900296CFE /* RemoteDataManager.m */,
			);
			name = "Remote Data ";
			sourceTree = "<group>";
		};
		84CC95111A59952C00296CFE /* Controllers */ = {
			isa = PBXGroup;
			children = (
				84CC95051A58DE7400296CFE /* ChannelScheduleTableViewController.h */,
				84CC95061A58DE7400296CFE /* ChannelScheduleTableViewController.m */,
				84CC94DF1A58258200296CFE /* TVScheduleController.h */,
				84CC94E01A58258200296CFE /* TVScheduleController.m */,
				84A3B0771A9494B800203D96 /* MenuViewController.h */,
				84A3B0781A9494B800203D96 /* MenuViewController.m */,
				8407754E1AA27A0100B82874 /* CategorizedSchedulesTableViewController.h */,
				8407754F1AA27A0100B82874 /* CategorizedSchedulesTableViewController.m */,
			);
			name = Controllers;
			sourceTree = "<group>";
		};
		BEADDBB055F921D00F13A050 /* Frameworks */ = {
			isa = PBXGroup;
			children = (
				53985E6AC805333657E6CCD0 /* libPods-TvGuide.a */,
			);
			name = Frameworks;
			sourceTree = "<group>";
		};
		C1F186780280ED711C36978A /* Pods */ = {
			isa = PBXGroup;
			children = (
				F46494EC76683E2E2F962D94 /* Pods-TvGuide.debug.xcconfig */,
				1A9AB4D253EF1A1EC4D7E7F7 /* Pods-TvGuide.release.xcconfig */,
			);
			name = Pods;
			sourceTree = "<group>";
		};
/* End PBXGroup section */

/* Begin PBXNativeTarget section */
		84CC94D41A58258200296CFE /* TvGuide */ = {
			isa = PBXNativeTarget;
			buildConfigurationList = 84CC94F81A58258300296CFE /* Build configuration list for PBXNativeTarget "TvGuide" */;
			buildPhases = (
				636FD32752C52B4EDBF0CCD7 /* Check Pods Manifest.lock */,
				84CC94D11A58258200296CFE /* Sources */,
				84CC94D21A58258200296CFE /* Frameworks */,
				84CC94D31A58258200296CFE /* Resources */,
				2E7C5792E7E3103AD681BAC1 /* Copy Pods Resources */,
			);
			buildRules = (
			);
			dependencies = (
			);
			name = TvGuide;
			productName = TvGuide;
			productReference = 84CC94D51A58258200296CFE /* TvGuide.app */;
			productType = "com.apple.product-type.application";
		};
		84CC94ED1A58258300296CFE /* TvGuideTests */ = {
			isa = PBXNativeTarget;
			buildConfigurationList = 84CC94FB1A58258300296CFE /* Build configuration list for PBXNativeTarget "TvGuideTests" */;
			buildPhases = (
				84CC94EA1A58258300296CFE /* Sources */,
				84CC94EB1A58258300296CFE /* Frameworks */,
				84CC94EC1A58258300296CFE /* Resources */,
			);
			buildRules = (
			);
			dependencies = (
				84CC94F01A58258300296CFE /* PBXTargetDependency */,
			);
			name = TvGuideTests;
			productName = TvGuideTests;
			productReference = 84CC94EE1A58258300296CFE /* TvGuideTests.xctest */;
			productType = "com.apple.product-type.bundle.unit-test";
		};
/* End PBXNativeTarget section */

/* Begin PBXProject section */
		84CC94CD1A58258100296CFE /* Project object */ = {
			isa = PBXProject;
			attributes = {
				LastUpgradeCheck = 0610;
				ORGANIZATIONNAME = sph;
				TargetAttributes = {
					84CC94D41A58258200296CFE = {
						CreatedOnToolsVersion = 6.1.1;
					};
					84CC94ED1A58258300296CFE = {
						CreatedOnToolsVersion = 6.1.1;
						TestTargetID = 84CC94D41A58258200296CFE;
					};
				};
			};
			buildConfigurationList = 84CC94D01A58258100296CFE /* Build configuration list for PBXProject "TvGuide" */;
			compatibilityVersion = "Xcode 3.2";
			developmentRegion = English;
			hasScannedForEncodings = 0;
			knownRegions = (
				en,
				Base,
			);
			mainGroup = 84CC94CC1A58258100296CFE;
			productRefGroup = 84CC94D61A58258200296CFE /* Products */;
			projectDirPath = "";
			projectRoot = "";
			targets = (
				84CC94D41A58258200296CFE /* TvGuide */,
				84CC94ED1A58258300296CFE /* TvGuideTests */,
			);
		};
/* End PBXProject section */

/* Begin PBXResourcesBuildPhase section */
		84CC94D31A58258200296CFE /* Resources */ = {
			isa = PBXResourcesBuildPhase;
			buildActionMask = 2147483647;
			files = (
				84CC94E91A58258200296CFE /* LaunchScreen.xib in Resources */,
				84A3B0801A94992D00203D96 /* tv.png in Resources */,
				84A3B07F1A94992D00203D96 /* series.png in Resources */,
				846EB0B21AAC803900C8FC5B /* checkmark-small.png in Resources */,
				84A3B0821A94992D00203D96 /* sports.png in Resources */,
				84CC94E61A58258200296CFE /* Images.xcassets in Resources */,
				841784D11AAC8CF000B0A56C /* circle.png in Resources */,
				84A3B0811A94992D00203D96 /* movies.png in Resources */,
				84A9C8EE1A65C579005DBB16 /* ListOfChannels.plist in Resources */,
			);
			runOnlyForDeploymentPostprocessing = 0;
		};
		84CC94EC1A58258300296CFE /* Resources */ = {
			isa = PBXResourcesBuildPhase;
			buildActionMask = 2147483647;
			files = (
			);
			runOnlyForDeploymentPostprocessing = 0;
		};
/* End PBXResourcesBuildPhase section */

/* Begin PBXShellScriptBuildPhase section */
		2E7C5792E7E3103AD681BAC1 /* Copy Pods Resources */ = {
			isa = PBXShellScriptBuildPhase;
			buildActionMask = 2147483647;
			files = (
			);
			inputPaths = (
			);
			name = "Copy Pods Resources";
			outputPaths = (
			);
			runOnlyForDeploymentPostprocessing = 0;
			shellPath = /bin/sh;
			shellScript = "\"${SRCROOT}/Pods/Target Support Files/Pods-TvGuide/Pods-TvGuide-resources.sh\"\n";
			showEnvVarsInLog = 0;
		};
		636FD32752C52B4EDBF0CCD7 /* Check Pods Manifest.lock */ = {
			isa = PBXShellScriptBuildPhase;
			buildActionMask = 2147483647;
			files = (
			);
			inputPaths = (
			);
			name = "Check Pods Manifest.lock";
			outputPaths = (
			);
			runOnlyForDeploymentPostprocessing = 0;
			shellPath = /bin/sh;
			shellScript = "diff \"${PODS_ROOT}/../Podfile.lock\" \"${PODS_ROOT}/Manifest.lock\" > /dev/null\nif [[ $? != 0 ]] ; then\n    cat << EOM\nerror: The sandbox is not in sync with the Podfile.lock. Run 'pod install' or update your CocoaPods installation.\nEOM\n    exit 1\nfi\n";
			showEnvVarsInLog = 0;
		};
/* End PBXShellScriptBuildPhase section */

/* Begin PBXSourcesBuildPhase section */
		84CC94D11A58258200296CFE /* Sources */ = {
			isa = PBXSourcesBuildPhase;
			buildActionMask = 2147483647;
			files = (
				84CC95071A58DE7400296CFE /* ChannelScheduleTableViewController.m in Sources */,
				84A3B0881A97300600203D96 /* MenuView.m in Sources */,
				84CC94E11A58258200296CFE /* TVScheduleController.m in Sources */,
				84A9C8E51A65C1D9005DBB16 /* Channels.xcdatamodeld in Sources */,
				84A9C8F11A65C757005DBB16 /* Channel.m in Sources */,
				84A9C8E21A65B398005DBB16 /* CoreDataManager.m in Sources */,
				84CC94DE1A58258200296CFE /* AppDelegate.m in Sources */,
				84A9932B1AA0DCAA00E6690B /* TvShowEntryModel.m in Sources */,
				84CC94DB1A58258200296CFE /* main.m in Sources */,
				840775501AA27A0100B82874 /* CategorizedSchedulesTableViewController.m in Sources */,
				84A3B08B1A97301600203D96 /* IconView.m in Sources */,
				84A9C8F41A65DD19005DBB16 /* LoadingChannelHelper.m in Sources */,
				84A993281A98F6F000E6690B /* TVScheduleView.m in Sources */,
				8477CA4E1AA4F61E00BB93D2 /* Utility.m in Sources */,
				84CC95001A582C3900296CFE /* RemoteDataManager.m in Sources */,
				84CC95101A59455700296CFE /* ChannelScheduleItemTableViewCell.m in Sources */,
				84A3B0791A9494B800203D96 /* MenuViewController.m in Sources */,
				84CC95031A58AA7000296CFE /* ChannelScheduleEntryModel.m in Sources */,
				84A9932E1AA0DF3500E6690B /* ChannelSpecializedEntryModel.m in Sources */,
				84A3E5091AA472B800BC202F /* MPGTextField.m in Sources */,
				84A3B0761A9486DD00203D96 /* UIColor+VeplayCommon.m in Sources */,
			);
			runOnlyForDeploymentPostprocessing = 0;
		};
		84CC94EA1A58258300296CFE /* Sources */ = {
			isa = PBXSourcesBuildPhase;
			buildActionMask = 2147483647;
			files = (
				84CC94F51A58258300296CFE /* TvGuideTests.m in Sources */,
			);
			runOnlyForDeploymentPostprocessing = 0;
		};
/* End PBXSourcesBuildPhase section */

/* Begin PBXTargetDependency section */
		84CC94F01A58258300296CFE /* PBXTargetDependency */ = {
			isa = PBXTargetDependency;
			target = 84CC94D41A58258200296CFE /* TvGuide */;
			targetProxy = 84CC94EF1A58258300296CFE /* PBXContainerItemProxy */;
		};
/* End PBXTargetDependency section */

/* Begin PBXVariantGroup section */
		84CC94E71A58258200296CFE /* LaunchScreen.xib */ = {
			isa = PBXVariantGroup;
			children = (
				84CC94E81A58258200296CFE /* Base */,
			);
			name = LaunchScreen.xib;
			sourceTree = "<group>";
		};
/* End PBXVariantGroup section */

/* Begin XCBuildConfiguration section */
		84CC94F61A58258300296CFE /* Debug */ = {
			isa = XCBuildConfiguration;
			buildSettings = {
				ALWAYS_SEARCH_USER_PATHS = NO;
				CLANG_CXX_LANGUAGE_STANDARD = "gnu++0x";
				CLANG_CXX_LIBRARY = "libc++";
				CLANG_ENABLE_MODULES = YES;
				CLANG_ENABLE_OBJC_ARC = YES;
				CLANG_WARN_BOOL_CONVERSION = YES;
				CLANG_WARN_CONSTANT_CONVERSION = YES;
				CLANG_WARN_DIRECT_OBJC_ISA_USAGE = YES_ERROR;
				CLANG_WARN_EMPTY_BODY = YES;
				CLANG_WARN_ENUM_CONVERSION = YES;
				CLANG_WARN_INT_CONVERSION = YES;
				CLANG_WARN_OBJC_ROOT_CLASS = YES_ERROR;
				CLANG_WARN_UNREACHABLE_CODE = YES;
				CLANG_WARN__DUPLICATE_METHOD_MATCH = YES;
				"CODE_SIGN_IDENTITY[sdk=iphoneos*]" = "iPhone Developer";
				COPY_PHASE_STRIP = NO;
				ENABLE_STRICT_OBJC_MSGSEND = YES;
				GCC_C_LANGUAGE_STANDARD = gnu99;
				GCC_DYNAMIC_NO_PIC = NO;
				GCC_OPTIMIZATION_LEVEL = 0;
				GCC_PREPROCESSOR_DEFINITIONS = (
					"DEBUG=1",
					"$(inherited)",
				);
				GCC_SYMBOLS_PRIVATE_EXTERN = NO;
				GCC_WARN_64_TO_32_BIT_CONVERSION = YES;
				GCC_WARN_ABOUT_RETURN_TYPE = YES_ERROR;
				GCC_WARN_UNDECLARED_SELECTOR = YES;
				GCC_WARN_UNINITIALIZED_AUTOS = YES_AGGRESSIVE;
				GCC_WARN_UNUSED_FUNCTION = YES;
				GCC_WARN_UNUSED_VARIABLE = YES;
				IPHONEOS_DEPLOYMENT_TARGET = 8.1;
				MTL_ENABLE_DEBUG_INFO = YES;
				ONLY_ACTIVE_ARCH = YES;
				SDKROOT = iphoneos;
				TARGETED_DEVICE_FAMILY = "1,2";
			};
			name = Debug;
		};
		84CC94F71A58258300296CFE /* Release */ = {
			isa = XCBuildConfiguration;
			buildSettings = {
				ALWAYS_SEARCH_USER_PATHS = NO;
				CLANG_CXX_LANGUAGE_STANDARD = "gnu++0x";
				CLANG_CXX_LIBRARY = "libc++";
				CLANG_ENABLE_MODULES = YES;
				CLANG_ENABLE_OBJC_ARC = YES;
				CLANG_WARN_BOOL_CONVERSION = YES;
				CLANG_WARN_CONSTANT_CONVERSION = YES;
				CLANG_WARN_DIRECT_OBJC_ISA_USAGE = YES_ERROR;
				CLANG_WARN_EMPTY_BODY = YES;
				CLANG_WARN_ENUM_CONVERSION = YES;
				CLANG_WARN_INT_CONVERSION = YES;
				CLANG_WARN_OBJC_ROOT_CLASS = YES_ERROR;
				CLANG_WARN_UNREACHABLE_CODE = YES;
				CLANG_WARN__DUPLICATE_METHOD_MATCH = YES;
				"CODE_SIGN_IDENTITY[sdk=iphoneos*]" = "iPhone Developer";
				COPY_PHASE_STRIP = YES;
				ENABLE_NS_ASSERTIONS = NO;
				ENABLE_STRICT_OBJC_MSGSEND = YES;
				GCC_C_LANGUAGE_STANDARD = gnu99;
				GCC_WARN_64_TO_32_BIT_CONVERSION = YES;
				GCC_WARN_ABOUT_RETURN_TYPE = YES_ERROR;
				GCC_WARN_UNDECLARED_SELECTOR = YES;
				GCC_WARN_UNINITIALIZED_AUTOS = YES_AGGRESSIVE;
				GCC_WARN_UNUSED_FUNCTION = YES;
				GCC_WARN_UNUSED_VARIABLE = YES;
				IPHONEOS_DEPLOYMENT_TARGET = 8.1;
				MTL_ENABLE_DEBUG_INFO = NO;
				SDKROOT = iphoneos;
				TARGETED_DEVICE_FAMILY = "1,2";
				VALIDATE_PRODUCT = YES;
			};
			name = Release;
		};
		84CC94F91A58258300296CFE /* Debug */ = {
			isa = XCBuildConfiguration;
			baseConfigurationReference = F46494EC76683E2E2F962D94 /* Pods-TvGuide.debug.xcconfig */;
			buildSettings = {
				ASSETCATALOG_COMPILER_APPICON_NAME = AppIcon;
				INFOPLIST_FILE = TvGuide/Info.plist;
				LD_RUNPATH_SEARCH_PATHS = "$(inherited) @executable_path/Frameworks";
				PRODUCT_NAME = "$(TARGET_NAME)";
			};
			name = Debug;
		};
		84CC94FA1A58258300296CFE /* Release */ = {
			isa = XCBuildConfiguration;
			baseConfigurationReference = 1A9AB4D253EF1A1EC4D7E7F7 /* Pods-TvGuide.release.xcconfig */;
			buildSettings = {
				ASSETCATALOG_COMPILER_APPICON_NAME = AppIcon;
				INFOPLIST_FILE = TvGuide/Info.plist;
				LD_RUNPATH_SEARCH_PATHS = "$(inherited) @executable_path/Frameworks";
				PRODUCT_NAME = "$(TARGET_NAME)";
			};
			name = Release;
		};
		84CC94FC1A58258300296CFE /* Debug */ = {
			isa = XCBuildConfiguration;
			buildSettings = {
				BUNDLE_LOADER = "$(TEST_HOST)";
				FRAMEWORK_SEARCH_PATHS = (
					"$(SDKROOT)/Developer/Library/Frameworks",
					"$(inherited)",
				);
				GCC_PREPROCESSOR_DEFINITIONS = (
					"DEBUG=1",
					"$(inherited)",
				);
				INFOPLIST_FILE = TvGuideTests/Info.plist;
				LD_RUNPATH_SEARCH_PATHS = "$(inherited) @executable_path/Frameworks @loader_path/Frameworks";
				PRODUCT_NAME = "$(TARGET_NAME)";
				TEST_HOST = "$(BUILT_PRODUCTS_DIR)/TvGuide.app/TvGuide";
			};
			name = Debug;
		};
		84CC94FD1A58258300296CFE /* Release */ = {
			isa = XCBuildConfiguration;
			buildSettings = {
				BUNDLE_LOADER = "$(TEST_HOST)";
				FRAMEWORK_SEARCH_PATHS = (
					"$(SDKROOT)/Developer/Library/Frameworks",
					"$(inherited)",
				);
				INFOPLIST_FILE = TvGuideTests/Info.plist;
				LD_RUNPATH_SEARCH_PATHS = "$(inherited) @executable_path/Frameworks @loader_path/Frameworks";
				PRODUCT_NAME = "$(TARGET_NAME)";
				TEST_HOST = "$(BUILT_PRODUCTS_DIR)/TvGuide.app/TvGuide";
			};
			name = Release;
		};
/* End XCBuildConfiguration section */

/* Begin XCConfigurationList section */
		84CC94D01A58258100296CFE /* Build configuration list for PBXProject "TvGuide" */ = {
			isa = XCConfigurationList;
			buildConfigurations = (
				84CC94F61A58258300296CFE /* Debug */,
				84CC94F71A58258300296CFE /* Release */,
			);
			defaultConfigurationIsVisible = 0;
			defaultConfigurationName = Release;
		};
		84CC94F81A58258300296CFE /* Build configuration list for PBXNativeTarget "TvGuide" */ = {
			isa = XCConfigurationList;
			buildConfigurations = (
				84CC94F91A58258300296CFE /* Debug */,
				84CC94FA1A58258300296CFE /* Release */,
			);
			defaultConfigurationIsVisible = 0;
			defaultConfigurationName = Release;
		};
		84CC94FB1A58258300296CFE /* Build configuration list for PBXNativeTarget "TvGuideTests" */ = {
			isa = XCConfigurationList;
			buildConfigurations = (
				84CC94FC1A58258300296CFE /* Debug */,
				84CC94FD1A58258300296CFE /* Release */,
			);
			defaultConfigurationIsVisible = 0;
			defaultConfigurationName = Release;
		};
/* End XCConfigurationList section */

/* Begin XCVersionGroup section */
		84A9C8E31A65C1D9005DBB16 /* Channels.xcdatamodeld */ = {
			isa = XCVersionGroup;
			children = (
				84A9C8E41A65C1D9005DBB16 /* Channels.xcdatamodel */,
			);
			currentVersion = 84A9C8E41A65C1D9005DBB16 /* Channels.xcdatamodel */;
			path = Channels.xcdatamodeld;
			sourceTree = "<group>";
			versionGroupType = wrapper.xcdatamodel;
		};
/* End XCVersionGroup section */
	};
	rootObject = 84CC94CD1A58258100296CFE /* Project object */;
}
